// !$*UTF8*$!
{
	archiveVersion = 1;
	classes = {
	};
	objectVersion = 46;
	objects = {

/* Begin PBXBuildFile section */
		C90EC2C7193EAEF900EB8D92 /* main.swift in Sources */ = {isa = PBXBuildFile; fileRef = C90EC2C6193EAEF900EB8D92 /* main.swift */; };
		C90EC2C9193EAEF900EB8D92 /* AppDelegate.swift in Sources */ = {isa = PBXBuildFile; fileRef = C90EC2C8193EAEF900EB8D92 /* AppDelegate.swift */; };
		C90EC2CB193EAEF900EB8D92 /* Images.xcassets in Resources */ = {isa = PBXBuildFile; fileRef = C90EC2CA193EAEF900EB8D92 /* Images.xcassets */; };
		C90EC2CE193EAEF900EB8D92 /* MainMenu.xib in Resources */ = {isa = PBXBuildFile; fileRef = C90EC2CC193EAEF900EB8D92 /* MainMenu.xib */; };
		C90EC2DA193EAEF900EB8D92 /* SubsonicSwiftTests.swift in Sources */ = {isa = PBXBuildFile; fileRef = C90EC2D9193EAEF900EB8D92 /* SubsonicSwiftTests.swift */; };
/* End PBXBuildFile section */

/* Begin PBXContainerItemProxy section */
		C90EC2D4193EAEF900EB8D92 /* PBXContainerItemProxy */ = {
			isa = PBXContainerItemProxy;
			containerPortal = C90EC2B9193EAEF900EB8D92 /* Project object */;
			proxyType = 1;
			remoteGlobalIDString = C90EC2C0193EAEF900EB8D92;
			remoteInfo = SubsonicSwift;
		};
/* End PBXContainerItemProxy section */

/* Begin PBXFileReference section */
		C90EC2C1193EAEF900EB8D92 /* SubsonicSwift.app */ = {isa = PBXFileReference; explicitFileType = wrapper.application; includeInIndex = 0; path = SubsonicSwift.app; sourceTree = BUILT_PRODUCTS_DIR; };
		C90EC2C5193EAEF900EB8D92 /* Info.plist */ = {isa = PBXFileReference; lastKnownFileType = text.plist.xml; path = Info.plist; sourceTree = "<group>"; };
		C90EC2C6193EAEF900EB8D92 /* main.swift */ = {isa = PBXFileReference; lastKnownFileType = sourcecode.swift; path = main.swift; sourceTree = "<group>"; };
		C90EC2C8193EAEF900EB8D92 /* AppDelegate.swift */ = {isa = PBXFileReference; lastKnownFileType = sourcecode.swift; path = AppDelegate.swift; sourceTree = "<group>"; };
		C90EC2CA193EAEF900EB8D92 /* Images.xcassets */ = {isa = PBXFileReference; lastKnownFileType = folder.assetcatalog; path = Images.xcassets; sourceTree = "<group>"; };
		C90EC2CD193EAEF900EB8D92 /* Base */ = {isa = PBXFileReference; lastKnownFileType = file.xib; name = Base; path = Base.lproj/MainMenu.xib; sourceTree = "<group>"; };
		C90EC2D3193EAEF900EB8D92 /* SubsonicSwiftTests.xctest */ = {isa = PBXFileReference; explicitFileType = wrapper.cfbundle; includeInIndex = 0; path = SubsonicSwiftTests.xctest; sourceTree = BUILT_PRODUCTS_DIR; };
		C90EC2D8193EAEF900EB8D92 /* Info.plist */ = {isa = PBXFileReference; lastKnownFileType = text.plist.xml; path = Info.plist; sourceTree = "<group>"; };
		C90EC2D9193EAEF900EB8D92 /* SubsonicSwiftTests.swift */ = {isa = PBXFileReference; lastKnownFileType = sourcecode.swift; path = SubsonicSwiftTests.swift; sourceTree = "<group>"; };
/* End PBXFileReference section */

/* Begin PBXFrameworksBuildPhase section */
		C90EC2BE193EAEF900EB8D92 /* Frameworks */ = {
			isa = PBXFrameworksBuildPhase;
			buildActionMask = 2147483647;
			files = (
			);
			runOnlyForDeploymentPostprocessing = 0;
		};
		C90EC2D0193EAEF900EB8D92 /* Frameworks */ = {
			isa = PBXFrameworksBuildPhase;
			buildActionMask = 2147483647;
			files = (
			);
			runOnlyForDeploymentPostprocessing = 0;
		};
/* End PBXFrameworksBuildPhase section */

/* Begin PBXGroup section */
		C90EC2B8193EAEF900EB8D92 = {
			isa = PBXGroup;
			children = (
				C90EC2C3193EAEF900EB8D92 /* SubsonicSwift */,
				C90EC2D6193EAEF900EB8D92 /* SubsonicSwiftTests */,
				C90EC2C2193EAEF900EB8D92 /* Products */,
			);
			sourceTree = "<group>";
		};
		C90EC2C2193EAEF900EB8D92 /* Products */ = {
			isa = PBXGroup;
			children = (
				C90EC2C1193EAEF900EB8D92 /* SubsonicSwift.app */,
				C90EC2D3193EAEF900EB8D92 /* SubsonicSwiftTests.xctest */,
			);
			name = Products;
			sourceTree = "<group>";
		};
		C90EC2C3193EAEF900EB8D92 /* SubsonicSwift */ = {
			isa = PBXGroup;
			children = (
				C90EC2C8193EAEF900EB8D92 /* AppDelegate.swift */,
				C90EC2CA193EAEF900EB8D92 /* Images.xcassets */,
				C90EC2CC193EAEF900EB8D92 /* MainMenu.xib */,
				C90EC2C4193EAEF900EB8D92 /* Supporting Files */,
			);
			path = SubsonicSwift;
			sourceTree = "<group>";
		};
		C90EC2C4193EAEF900EB8D92 /* Supporting Files */ = {
			isa = PBXGroup;
			children = (
				C90EC2C5193EAEF900EB8D92 /* Info.plist */,
				C90EC2C6193EAEF900EB8D92 /* main.swift */,
			);
			name = "Supporting Files";
			sourceTree = "<group>";
		};
		C90EC2D6193EAEF900EB8D92 /* SubsonicSwiftTests */ = {
			isa = PBXGroup;
			children = (
				C90EC2D9193EAEF900EB8D92 /* SubsonicSwiftTests.swift */,
				C90EC2D7193EAEF900EB8D92 /* Supporting Files */,
			);
			path = SubsonicSwiftTests;
			sourceTree = "<group>";
		};
		C90EC2D7193EAEF900EB8D92 /* Supporting Files */ = {
			isa = PBXGroup;
			children = (
				C90EC2D8193EAEF900EB8D92 /* Info.plist */,
			);
			name = "Supporting Files";
			sourceTree = "<group>";
		};
/* End PBXGroup section */

/* Begin PBXNativeTarget section */
		C90EC2C0193EAEF900EB8D92 /* SubsonicSwift */ = {
			isa = PBXNativeTarget;
			buildConfigurationList = C90EC2DD193EAEF900EB8D92 /* Build configuration list for PBXNativeTarget "SubsonicSwift" */;
			buildPhases = (
				C90EC2BD193EAEF900EB8D92 /* Sources */,
				C90EC2BE193EAEF900EB8D92 /* Frameworks */,
				C90EC2BF193EAEF900EB8D92 /* Resources */,
			);
			buildRules = (
			);
			dependencies = (
			);
			name = SubsonicSwift;
			productName = SubsonicSwift;
			productReference = C90EC2C1193EAEF900EB8D92 /* SubsonicSwift.app */;
			productType = "com.apple.product-type.application";
		};
		C90EC2D2193EAEF900EB8D92 /* SubsonicSwiftTests */ = {
			isa = PBXNativeTarget;
			buildConfigurationList = C90EC2E0193EAEF900EB8D92 /* Build configuration list for PBXNativeTarget "SubsonicSwiftTests" */;
			buildPhases = (
				C90EC2CF193EAEF900EB8D92 /* Sources */,
				C90EC2D0193EAEF900EB8D92 /* Frameworks */,
				C90EC2D1193EAEF900EB8D92 /* Resources */,
			);
			buildRules = (
			);
			dependencies = (
				C90EC2D5193EAEF900EB8D92 /* PBXTargetDependency */,
			);
			name = SubsonicSwiftTests;
			productName = SubsonicSwiftTests;
			productReference = C90EC2D3193EAEF900EB8D92 /* SubsonicSwiftTests.xctest */;
			productType = "com.apple.product-type.bundle.unit-test";
		};
/* End PBXNativeTarget section */

/* Begin PBXProject section */
		C90EC2B9193EAEF900EB8D92 /* Project object */ = {
			isa = PBXProject;
			attributes = {
				LastUpgradeCheck = 0600;
				ORGANIZATIONNAME = "Matt Thomas";
				TargetAttributes = {
					C90EC2C0193EAEF900EB8D92 = {
						CreatedOnToolsVersion = 6.0;
					};
					C90EC2D2193EAEF900EB8D92 = {
						CreatedOnToolsVersion = 6.0;
						TestTargetID = C90EC2C0193EAEF900EB8D92;
					};
				};
			};
			buildConfigurationList = C90EC2BC193EAEF900EB8D92 /* Build configuration list for PBXProject "SubsonicSwift" */;
			compatibilityVersion = "Xcode 3.2";
			developmentRegion = English;
			hasScannedForEncodings = 0;
			knownRegions = (
				en,
				Base,
			);
			mainGroup = C90EC2B8193EAEF900EB8D92;
			productRefGroup = C90EC2C2193EAEF900EB8D92 /* Products */;
			projectDirPath = "";
			projectRoot = "";
			targets = (
				C90EC2C0193EAEF900EB8D92 /* SubsonicSwift */,
				C90EC2D2193EAEF900EB8D92 /* SubsonicSwiftTests */,
			);
		};
/* End PBXProject section */

/* Begin PBXResourcesBuildPhase section */
		C90EC2BF193EAEF900EB8D92 /* Resources */ = {
			isa = PBXResourcesBuildPhase;
			buildActionMask = 2147483647;
			files = (
				C90EC2CB193EAEF900EB8D92 /* Images.xcassets in Resources */,
				C90EC2CE193EAEF900EB8D92 /* MainMenu.xib in Resources */,
			);
			runOnlyForDeploymentPostprocessing = 0;
		};
		C90EC2D1193EAEF900EB8D92 /* Resources */ = {
			isa = PBXResourcesBuildPhase;
			buildActionMask = 2147483647;
			files = (
			);
			runOnlyForDeploymentPostprocessing = 0;
		};
/* End PBXResourcesBuildPhase section */

/* Begin PBXSourcesBuildPhase section */
		C90EC2BD193EAEF900EB8D92 /* Sources */ = {
			isa = PBXSourcesBuildPhase;
			buildActionMask = 2147483647;
			files = (
				C90EC2C9193EAEF900EB8D92 /* AppDelegate.swift in Sources */,
				C90EC2C7193EAEF900EB8D92 /* main.swift in Sources */,
			);
			runOnlyForDeploymentPostprocessing = 0;
		};
		C90EC2CF193EAEF900EB8D92 /* Sources */ = {
			isa = PBXSourcesBuildPhase;
			buildActionMask = 2147483647;
			files = (
				C90EC2DA193EAEF900EB8D92 /* SubsonicSwiftTests.swift in Sources */,
			);
			runOnlyForDeploymentPostprocessing = 0;
		};
/* End PBXSourcesBuildPhase section */

/* Begin PBXTargetDependency section */
		C90EC2D5193EAEF900EB8D92 /* PBXTargetDependency */ = {
			isa = PBXTargetDependency;
			target = C90EC2C0193EAEF900EB8D92 /* SubsonicSwift */;
			targetProxy = C90EC2D4193EAEF900EB8D92 /* PBXContainerItemProxy */;
		};
/* End PBXTargetDependency section */

/* Begin PBXVariantGroup section */
		C90EC2CC193EAEF900EB8D92 /* MainMenu.xib */ = {
			isa = PBXVariantGroup;
			children = (
				C90EC2CD193EAEF900EB8D92 /* Base */,
			);
			name = MainMenu.xib;
			sourceTree = "<group>";
		};
/* End PBXVariantGroup section */

/* Begin XCBuildConfiguration section */
		C90EC2DB193EAEF900EB8D92 /* Debug */ = {
			isa = XCBuildConfiguration;
			buildSettings = {
				ALWAYS_SEARCH_USER_PATHS = NO;
				CLANG_CXX_LANGUAGE_STANDARD = "gnu++0x";
				CLANG_CXX_LIBRARY = "libc++";
				CLANG_ENABLE_MODULES = YES;
				CLANG_ENABLE_OBJC_ARC = YES;
				CLANG_WARN_BOOL_CONVERSION = YES;
				CLANG_WARN_CONSTANT_CONVERSION = YES;
				CLANG_WARN_DIRECT_OBJC_ISA_USAGE = YES_ERROR;
				CLANG_WARN_EMPTY_BODY = YES;
				CLANG_WARN_ENUM_CONVERSION = YES;
				CLANG_WARN_INT_CONVERSION = YES;
				CLANG_WARN_OBJC_ROOT_CLASS = YES_ERROR;
				CLANG_WARN_UNREACHABLE_CODE = YES;
				CLANG_WARN__DUPLICATE_METHOD_MATCH = YES;
				CODE_SIGN_IDENTITY = "-";
				COPY_PHASE_STRIP = NO;
				ENABLE_STRICT_OBJC_MSGSEND = YES;
				GCC_C_LANGUAGE_STANDARD = gnu99;
				GCC_DYNAMIC_NO_PIC = NO;
				GCC_OPTIMIZATION_LEVEL = 0;
				GCC_PREPROCESSOR_DEFINITIONS = (
					"DEBUG=1",
					"$(inherited)",
				);
				GCC_SYMBOLS_PRIVATE_EXTERN = NO;
				GCC_WARN_64_TO_32_BIT_CONVERSION = YES;
				GCC_WARN_ABOUT_RETURN_TYPE = YES_ERROR;
				GCC_WARN_UNDECLARED_SELECTOR = YES;
				GCC_WARN_UNINITIALIZED_AUTOS = YES_AGGRESSIVE;
				GCC_WARN_UNUSED_FUNCTION = YES;
				GCC_WARN_UNUSED_VARIABLE = YES;
				MACOSX_DEPLOYMENT_TARGET = 10.9;
				METAL_ENABLE_DEBUG_INFO = YES;
				ONLY_ACTIVE_ARCH = YES;
				SDKROOT = macosx;
				SWIFT_OPTIMIZATION_LEVEL = "-Onone";
			};
			name = Debug;
		};
		C90EC2DC193EAEF900EB8D92 /* Release */ = {
			isa = XCBuildConfiguration;
			buildSettings = {
				ALWAYS_SEARCH_USER_PATHS = NO;
				CLANG_CXX_LANGUAGE_STANDARD = "gnu++0x";
				CLANG_CXX_LIBRARY = "libc++";
				CLANG_ENABLE_MODULES = YES;
				CLANG_ENABLE_OBJC_ARC = YES;
				CLANG_WARN_BOOL_CONVERSION = YES;
				CLANG_WARN_CONSTANT_CONVERSION = YES;
				CLANG_WARN_DIRECT_OBJC_ISA_USAGE = YES_ERROR;
				CLANG_WARN_EMPTY_BODY = YES;
				CLANG_WARN_ENUM_CONVERSION = YES;
				CLANG_WARN_INT_CONVERSION = YES;
				CLANG_WARN_OBJC_ROOT_CLASS = YES_ERROR;
				CLANG_WARN_UNREACHABLE_CODE = YES;
				CLANG_WARN__DUPLICATE_METHOD_MATCH = YES;
				CODE_SIGN_IDENTITY = "-";
				COPY_PHASE_STRIP = YES;
				DEBUG_INFORMATION_FORMAT = "dwarf-with-dsym";
				ENABLE_NS_ASSERTIONS = NO;
				ENABLE_STRICT_OBJC_MSGSEND = YES;
				GCC_C_LANGUAGE_STANDARD = gnu99;
				GCC_WARN_64_TO_32_BIT_CONVERSION = YES;
				GCC_WARN_ABOUT_RETURN_TYPE = YES_ERROR;
				GCC_WARN_UNDECLARED_SELECTOR = YES;
				GCC_WARN_UNINITIALIZED_AUTOS = YES_AGGRESSIVE;
				GCC_WARN_UNUSED_FUNCTION = YES;
				GCC_WARN_UNUSED_VARIABLE = YES;
				MACOSX_DEPLOYMENT_TARGET = 10.9;
				METAL_ENABLE_DEBUG_INFO = NO;
				SDKROOT = macosx;
			};
			name = Release;
		};
		C90EC2DE193EAEF900EB8D92 /* Debug */ = {
			isa = XCBuildConfiguration;
			buildSettings = {
				ASSETCATALOG_COMPILER_APPICON_NAME = AppIcon;
				COMBINE_HIDPI_IMAGES = YES;
				INFOPLIST_FILE = SubsonicSwift/Info.plist;
				LD_RUNPATH_SEARCH_PATHS = "$(inherited) @executable_path/../Frameworks";
				PRODUCT_NAME = "$(TARGET_NAME)";
			};
			name = Debug;
		};
		C90EC2DF193EAEF900EB8D92 /* Release */ = {
			isa = XCBuildConfiguration;
			buildSettings = {
				ASSETCATALOG_COMPILER_APPICON_NAME = AppIcon;
				COMBINE_HIDPI_IMAGES = YES;
				INFOPLIST_FILE = SubsonicSwift/Info.plist;
				LD_RUNPATH_SEARCH_PATHS = "$(inherited) @executable_path/../Frameworks";
				PRODUCT_NAME = "$(TARGET_NAME)";
			};
			name = Release;
		};
		C90EC2E1193EAEF900EB8D92 /* Debug */ = {
			isa = XCBuildConfiguration;
			buildSettings = {
				BUNDLE_LOADER = "$(BUILT_PRODUCTS_DIR)/SubsonicSwift.app/Contents/MacOS/SubsonicSwift";
				COMBINE_HIDPI_IMAGES = YES;
				FRAMEWORK_SEARCH_PATHS = (
					"$(DEVELOPER_FRAMEWORKS_DIR)",
					"$(inherited)",
				);
				GCC_PREPROCESSOR_DEFINITIONS = (
					"DEBUG=1",
					"$(inherited)",
				);
				INFOPLIST_FILE = SubsonicSwiftTests/Info.plist;
				LD_RUNPATH_SEARCH_PATHS = "$(inherited) @executable_path/../Frameworks @loader_path/../Frameworks";
				METAL_ENABLE_DEBUG_INFO = YES;
				PRODUCT_NAME = "$(TARGET_NAME)";
				TEST_HOST = "$(BUNDLE_LOADER)";
			};
			name = Debug;
		};
		C90EC2E2193EAEF900EB8D92 /* Release */ = {
			isa = XCBuildConfiguration;
			buildSettings = {
				BUNDLE_LOADER = "$(BUILT_PRODUCTS_DIR)/SubsonicSwift.app/Contents/MacOS/SubsonicSwift";
				COMBINE_HIDPI_IMAGES = YES;
				FRAMEWORK_SEARCH_PATHS = (
					"$(DEVELOPER_FRAMEWORKS_DIR)",
					"$(inherited)",
				);
				INFOPLIST_FILE = SubsonicSwiftTests/Info.plist;
				LD_RUNPATH_SEARCH_PATHS = "$(inherited) @executable_path/../Frameworks @loader_path/../Frameworks";
				METAL_ENABLE_DEBUG_INFO = NO;
				PRODUCT_NAME = "$(TARGET_NAME)";
				TEST_HOST = "$(BUNDLE_LOADER)";
			};
			name = Release;
		};
/* End XCBuildConfiguration section */

/* Begin XCConfigurationList section */
		C90EC2BC193EAEF900EB8D92 /* Build configuration list for PBXProject "SubsonicSwift" */ = {
			isa = XCConfigurationList;
			buildConfigurations = (
				C90EC2DB193EAEF900EB8D92 /* Debug */,
				C90EC2DC193EAEF900EB8D92 /* Release */,
			);
			defaultConfigurationIsVisible = 0;
			defaultConfigurationName = Release;
		};
		C90EC2DD193EAEF900EB8D92 /* Build configuration list for PBXNativeTarget "SubsonicSwift" */ = {
			isa = XCConfigurationList;
			buildConfigurations = (
				C90EC2DE193EAEF900EB8D92 /* Debug */,
				C90EC2DF193EAEF900EB8D92 /* Release */,
			);
			defaultConfigurationIsVisible = 0;
		};
		C90EC2E0193EAEF900EB8D92 /* Build configuration list for PBXNativeTarget "SubsonicSwiftTests" */ = {
			isa = XCConfigurationList;
			buildConfigurations = (
				C90EC2E1193EAEF900EB8D92 /* Debug */,
				C90EC2E2193EAEF900EB8D92 /* Release */,
			);
			defaultConfigurationIsVisible = 0;
		};
/* End XCConfigurationList section */
	};
	rootObject = C90EC2B9193EAEF900EB8D92 /* Project object */;
}
